
Microsoft Visual Studio Solution File, Format Version 12.00
# Visual Studio 15
VisualStudioVersion = 15.0.28307.489
MinimumVisualStudioVersion = 10.0.40219.1
Project("{9A19103F-16F7-4668-BE54-9A1E7A4F7556}") = "DAL", "DAL\DAL.csproj", "{F1D0C47E-4FD5-4FA7-8C55-A813F2A1BD32}"
EndProject
Project("{9A19103F-16F7-4668-BE54-9A1E7A4F7556}") = "Utilities", "Utilities\Utilities.csproj", "{EA415F3E-9181-40C7-9347-E6A7D80A8FAC}"
EndProject
Project("{9A19103F-16F7-4668-BE54-9A1E7A4F7556}") = "BLL", "BLL\BLL.csproj", "{84904B91-39FB-49AB-AD39-A67B74C2F786}"
EndProject
Project("{9A19103F-16F7-4668-BE54-9A1E7A4F7556}") = "API", "API\API.csproj", "{A0BDF8EB-E71E-418C-B1B0-6A8AD4BB2680}"
EndProject
Global
	GlobalSection(SolutionConfigurationPlatforms) = preSolution
		Debug|Any CPU = Debug|Any CPU
		Release|Any CPU = Release|Any CPU
	EndGlobalSection
	GlobalSection(ProjectConfigurationPlatforms) = postSolution
		{F1D0C47E-4FD5-4FA7-8C55-A813F2A1BD32}.Debug|Any CPU.ActiveCfg = Debug|Any CPU
		{F1D0C47E-4FD5-4FA7-8C55-A813F2A1BD32}.Debug|Any CPU.Build.0 = Debug|Any CPU
		{F1D0C47E-4FD5-4FA7-8C55-A813F2A1BD32}.Release|Any CPU.ActiveCfg = Release|Any CPU
		{F1D0C47E-4FD5-4FA7-8C55-A813F2A1BD32}.Release|Any CPU.Build.0 = Release|Any CPU
		{EA415F3E-9181-40C7-9347-E6A7D80A8FAC}.Debug|Any CPU.ActiveCfg = Debug|Any CPU
		{EA415F3E-9181-40C7-9347-E6A7D80A8FAC}.Debug|Any CPU.Build.0 = Debug|Any CPU
		{EA415F3E-9181-40C7-9347-E6A7D80A8FAC}.Release|Any CPU.ActiveCfg = Release|Any CPU
		{EA415F3E-9181-40C7-9347-E6A7D80A8FAC}.Release|Any CPU.Build.0 = Release|Any CPU
		{84904B91-39FB-49AB-AD39-A67B74C2F786}.Debug|Any CPU.ActiveCfg = Debug|Any CPU
		{84904B91-39FB-49AB-AD39-A67B74C2F786}.Debug|Any CPU.Build.0 = Debug|Any CPU
		{84904B91-39FB-49AB-AD39-A67B74C2F786}.Release|Any CPU.ActiveCfg = Release|Any CPU
		{84904B91-39FB-49AB-AD39-A67B74C2F786}.Release|Any CPU.Build.0 = Release|Any CPU
		{A0BDF8EB-E71E-418C-B1B0-6A8AD4BB2680}.Debug|Any CPU.ActiveCfg = Debug|Any CPU
		{A0BDF8EB-E71E-418C-B1B0-6A8AD4BB2680}.Debug|Any CPU.Build.0 = Debug|Any CPU
		{A0BDF8EB-E71E-418C-B1B0-6A8AD4BB2680}.Release|Any CPU.ActiveCfg = Release|Any CPU
		{A0BDF8EB-E71E-418C-B1B0-6A8AD4BB2680}.Release|Any CPU.Build.0 = Release|Any CPU
	EndGlobalSection
	GlobalSection(SolutionProperties) = preSolution
		HideSolutionNode = FALSE
	EndGlobalSection
	GlobalSection(ExtensibilityGlobals) = postSolution
		SolutionGuid = {CD1739E1-1BBA-4539-90F8-3EFD7000D863}
	EndGlobalSection
EndGlobal
